
Microsoft Visual Studio Solution File, Format Version 12.00
# Visual Studio Version 16
VisualStudioVersion = 16.0.28729.10
MinimumVisualStudioVersion = 10.0.40219.1
Project("{FAE04EC0-301F-11D3-BF4B-00C04F79EFBC}") = "Polymorphism", "Polymorphism\Polymorphism.csproj", "{35DBBF29-6EEB-4A38-94D9-92E3851D62D1}"
EndProject
Global
	GlobalSection(SolutionConfigurationPlatforms) = preSolution
		Debug|Any CPU = Debug|Any CPU
		Release|Any CPU = Release|Any CPU
	EndGlobalSection
	GlobalSection(ProjectConfigurationPlatforms) = postSolution
		{35DBBF29-6EEB-4A38-94D9-92E3851D62D1}.Debug|Any CPU.ActiveCfg = Debug|Any CPU
		{35DBBF29-6EEB-4A38-94D9-92E3851D62D1}.Debug|Any CPU.Build.0 = Debug|Any CPU
		{35DBBF29-6EEB-4A38-94D9-92E3851D62D1}.Release|Any CPU.ActiveCfg = Release|Any CPU
		{35DBBF29-6EEB-4A38-94D9-92E3851D62D1}.Release|Any CPU.Build.0 = Release|Any CPU
	EndGlobalSection
	GlobalSection(SolutionProperties) = preSolution
		HideSolutionNode = FALSE
	EndGlobalSection
	GlobalSection(ExtensibilityGlobals) = postSolution
		SolutionGuid = {2018D941-0832-4CF5-81EF-400DD989BA4C}
	EndGlobalSection
EndGlobal
